// !$*UTF8*$!
{
	archiveVersion = 1;
	classes = {
	};
	objectVersion = 46;
	objects = {

/* Begin PBXBuildFile section */
		1F0DE53D1D8C4497008EE273 /* TestatorModelController.swift in Sources */ = {isa = PBXBuildFile; fileRef = 1F0DE53C1D8C4497008EE273 /* TestatorModelController.swift */; };
		1F0DE5401D8C4543008EE273 /* CloudKitManager.swift in Sources */ = {isa = PBXBuildFile; fileRef = 1F0DE53F1D8C4543008EE273 /* CloudKitManager.swift */; };
		1F0DE5421D8C6E41008EE273 /* PersistenceController.swift in Sources */ = {isa = PBXBuildFile; fileRef = 1F0DE5411D8C6E41008EE273 /* PersistenceController.swift */; };
		1F0DE5441D8CAE07008EE273 /* StageModelController.swift in Sources */ = {isa = PBXBuildFile; fileRef = 1F0DE5431D8CAE07008EE273 /* StageModelController.swift */; };
		1F0DE5461D8CAE1E008EE273 /* TaskModelController.swift in Sources */ = {isa = PBXBuildFile; fileRef = 1F0DE5451D8CAE1E008EE273 /* TaskModelController.swift */; };
		1F0DE5481D8CAE32008EE273 /* SubTaskModelController.swift in Sources */ = {isa = PBXBuildFile; fileRef = 1F0DE5471D8CAE32008EE273 /* SubTaskModelController.swift */; };
		1F0DE54A1D8CAE43008EE273 /* DetailModelController.swift in Sources */ = {isa = PBXBuildFile; fileRef = 1F0DE5491D8CAE43008EE273 /* DetailModelController.swift */; };
		1F3051501D99B20A00992B2C /* OtherControllerUnitTests.swift in Sources */ = {isa = PBXBuildFile; fileRef = 1F30514F1D99B20A00992B2C /* OtherControllerUnitTests.swift */; };
		1F3051521D99D79800992B2C /* TestatorModelUnitTests.swift in Sources */ = {isa = PBXBuildFile; fileRef = 1F3051511D99D79800992B2C /* TestatorModelUnitTests.swift */; };
		1F3051541D99D8BE00992B2C /* TaskModelUnitTests.swift in Sources */ = {isa = PBXBuildFile; fileRef = 1F3051531D99D8BE00992B2C /* TaskModelUnitTests.swift */; };
		1F43D2811D95CC2D00DFEBBA /* StageModelUnitTests.swift in Sources */ = {isa = PBXBuildFile; fileRef = 1F43D2801D95CC2D00DFEBBA /* StageModelUnitTests.swift */; };
		1F463DB71D9C27DE0085E555 /* ServicesCategoriesViewController.swift in Sources */ = {isa = PBXBuildFile; fileRef = 1F463DB61D9C27DE0085E555 /* ServicesCategoriesViewController.swift */; };
		1F463DB91D9C2A800085E555 /* ServicesCategoriesTableViewCell.swift in Sources */ = {isa = PBXBuildFile; fileRef = 1F463DB81D9C2A800085E555 /* ServicesCategoriesTableViewCell.swift */; };
		1F463DBB1D9C2D7E0085E555 /* ServiceCategory.swift in Sources */ = {isa = PBXBuildFile; fileRef = 1F463DBA1D9C2D7E0085E555 /* ServiceCategory.swift */; };
		1F463DBD1D9C53B20085E555 /* SearchResultsViewController.swift in Sources */ = {isa = PBXBuildFile; fileRef = 1F463DBC1D9C53B20085E555 /* SearchResultsViewController.swift */; };
		1F5EA0021D948ABB00922E17 /* TestatorModelControllerSpec.swift in Sources */ = {isa = PBXBuildFile; fileRef = 1F5EA0001D948ABB00922E17 /* TestatorModelControllerSpec.swift */; };
		1F5EA0031D948ABB00922E17 /* TestatorSpec.swift in Sources */ = {isa = PBXBuildFile; fileRef = 1F5EA0011D948ABB00922E17 /* TestatorSpec.swift */; };
		1F84E6D01D8B112900311680 /* Stack.swift in Sources */ = {isa = PBXBuildFile; fileRef = 1F84E6CF1D8B112900311680 /* Stack.swift */; };
		1F84E6D51D8B143300311680 /* CloudKitManagedObject.swift in Sources */ = {isa = PBXBuildFile; fileRef = 1F84E6D41D8B143300311680 /* CloudKitManagedObject.swift */; };
		1F8DE5C31D8AF31C00066819 /* AppDelegate.swift in Sources */ = {isa = PBXBuildFile; fileRef = 1F8DE5C21D8AF31C00066819 /* AppDelegate.swift */; };
		1F8DE5C81D8AF31C00066819 /* Main.storyboard in Resources */ = {isa = PBXBuildFile; fileRef = 1F8DE5C61D8AF31C00066819 /* Main.storyboard */; };
		1F8DE5CD1D8AF31C00066819 /* Assets.xcassets in Resources */ = {isa = PBXBuildFile; fileRef = 1F8DE5CC1D8AF31C00066819 /* Assets.xcassets */; };
		1F8DE5D01D8AF31C00066819 /* LaunchScreen.storyboard in Resources */ = {isa = PBXBuildFile; fileRef = 1F8DE5CE1D8AF31C00066819 /* LaunchScreen.storyboard */; };
		1F8DE5E61D8AF31C00066819 /* ExecutorAideUITests.swift in Sources */ = {isa = PBXBuildFile; fileRef = 1F8DE5E51D8AF31C00066819 /* ExecutorAideUITests.swift */; };
		1F8DE5F61D8AF32A00066819 /* CloudKit.framework in Frameworks */ = {isa = PBXBuildFile; fileRef = 1F8DE5F51D8AF32A00066819 /* CloudKit.framework */; };
		1F8DE5F91D8AF7EE00066819 /* Model.xcdatamodeld in Sources */ = {isa = PBXBuildFile; fileRef = 1F8DE5F71D8AF7EE00066819 /* Model.xcdatamodeld */; };
		1FF6DBA91D8B36C2009CCAC7 /* SubTask+CoreDataProperties.swift in Sources */ = {isa = PBXBuildFile; fileRef = 1FF6DBA31D8B36C2009CCAC7 /* SubTask+CoreDataProperties.swift */; };
		1FF6DBAB1D8B36C2009CCAC7 /* Stage+CoreDataProperties.swift in Sources */ = {isa = PBXBuildFile; fileRef = 1FF6DBA51D8B36C2009CCAC7 /* Stage+CoreDataProperties.swift */; };
		1FF6DBAC1D8B36C2009CCAC7 /* SyncableObject+CoreDataProperties.swift in Sources */ = {isa = PBXBuildFile; fileRef = 1FF6DBA61D8B36C2009CCAC7 /* SyncableObject+CoreDataProperties.swift */; };
		1FF6DBAD1D8B36C2009CCAC7 /* Task+CoreDataProperties.swift in Sources */ = {isa = PBXBuildFile; fileRef = 1FF6DBA71D8B36C2009CCAC7 /* Task+CoreDataProperties.swift */; };
		1FF6DBAE1D8B36C2009CCAC7 /* Testator+CoreDataProperties.swift in Sources */ = {isa = PBXBuildFile; fileRef = 1FF6DBA81D8B36C2009CCAC7 /* Testator+CoreDataProperties.swift */; };
		1FF6DBBA1D8B43DD009CCAC7 /* Detail+CoreDataProperties.swift in Sources */ = {isa = PBXBuildFile; fileRef = 1FF6DBB91D8B43DD009CCAC7 /* Detail+CoreDataProperties.swift */; };
		1FF6DBBC1D8B4408009CCAC7 /* Detail+CoreDataClass.swift in Sources */ = {isa = PBXBuildFile; fileRef = 1FF6DBBB1D8B4408009CCAC7 /* Detail+CoreDataClass.swift */; };
		1FF6DBC21D8B442A009CCAC7 /* Stage+CoreDataClass.swift in Sources */ = {isa = PBXBuildFile; fileRef = 1FF6DBBD1D8B442A009CCAC7 /* Stage+CoreDataClass.swift */; };
		1FF6DBC31D8B442A009CCAC7 /* SubTask+CoreDataClass.swift in Sources */ = {isa = PBXBuildFile; fileRef = 1FF6DBBE1D8B442A009CCAC7 /* SubTask+CoreDataClass.swift */; };
		1FF6DBC41D8B442A009CCAC7 /* SyncableObject+CoreDataClass.swift in Sources */ = {isa = PBXBuildFile; fileRef = 1FF6DBBF1D8B442A009CCAC7 /* SyncableObject+CoreDataClass.swift */; };
		1FF6DBC51D8B442A009CCAC7 /* Task+CoreDataClass.swift in Sources */ = {isa = PBXBuildFile; fileRef = 1FF6DBC01D8B442A009CCAC7 /* Task+CoreDataClass.swift */; };
		1FF6DBC61D8B442A009CCAC7 /* Testator+CoreDataClass.swift in Sources */ = {isa = PBXBuildFile; fileRef = 1FF6DBC11D8B442A009CCAC7 /* Testator+CoreDataClass.swift */; };
		22033C941D918BA500FC4FA0 /* DataTemplateController.swift in Sources */ = {isa = PBXBuildFile; fileRef = 22033C931D918BA500FC4FA0 /* DataTemplateController.swift */; };
		222271A41D9B109E0082AAB5 /* NewTaskViewController.swift in Sources */ = {isa = PBXBuildFile; fileRef = 222271A31D9B109E0082AAB5 /* NewTaskViewController.swift */; };
		222271A61D9B115E0082AAB5 /* NewSubTaskViewController.swift in Sources */ = {isa = PBXBuildFile; fileRef = 222271A51D9B115E0082AAB5 /* NewSubTaskViewController.swift */; };
		222271A91D9B13850082AAB5 /* NewSubTask.storyboard in Resources */ = {isa = PBXBuildFile; fileRef = 222271A71D9B13850082AAB5 /* NewSubTask.storyboard */; };
		222271AB1D9B13900082AAB5 /* NewTask.storyboard in Resources */ = {isa = PBXBuildFile; fileRef = 222271AA1D9B13900082AAB5 /* NewTask.storyboard */; };
		22319A761D90456700472494 /* StageViewController.swift in Sources */ = {isa = PBXBuildFile; fileRef = 22319A751D90456700472494 /* StageViewController.swift */; };
		22319A7F1D9045B500472494 /* NewTestatorPopoverViewController.swift in Sources */ = {isa = PBXBuildFile; fileRef = 22319A781D9045B500472494 /* NewTestatorPopoverViewController.swift */; };
		22319A801D9045B500472494 /* SubTaskTableViewCell.swift in Sources */ = {isa = PBXBuildFile; fileRef = 22319A791D9045B500472494 /* SubTaskTableViewCell.swift */; };
		22319A811D9045B500472494 /* SubTaskTableViewCell.xib in Resources */ = {isa = PBXBuildFile; fileRef = 22319A7A1D9045B500472494 /* SubTaskTableViewCell.xib */; };
		22319A821D9045B500472494 /* TestatorTableViewCell.swift in Sources */ = {isa = PBXBuildFile; fileRef = 22319A7B1D9045B500472494 /* TestatorTableViewCell.swift */; };
		22319A831D9045B500472494 /* TestatorTableViewCell.xib in Resources */ = {isa = PBXBuildFile; fileRef = 22319A7C1D9045B500472494 /* TestatorTableViewCell.xib */; };
		22319A841D9045B500472494 /* TestatorViewController.swift in Sources */ = {isa = PBXBuildFile; fileRef = 22319A7D1D9045B500472494 /* TestatorViewController.swift */; };
		22319A8B1D904D9600472494 /* NewTestatorPopover.storyboard in Resources */ = {isa = PBXBuildFile; fileRef = 22319A871D904D9600472494 /* NewTestatorPopover.storyboard */; };
		22319A8C1D904D9600472494 /* SegmentsViewController.storyboard in Resources */ = {isa = PBXBuildFile; fileRef = 22319A891D904D9600472494 /* SegmentsViewController.storyboard */; };
		22319A8F1D90835F00472494 /* ImageSelectionViewController.swift in Sources */ = {isa = PBXBuildFile; fileRef = 22319A8E1D90835F00472494 /* ImageSelectionViewController.swift */; };
/* End PBXBuildFile section */

/* Begin PBXContainerItemProxy section */
		1F8DE5D71D8AF31C00066819 /* PBXContainerItemProxy */ = {
			isa = PBXContainerItemProxy;
			containerPortal = 1F8DE5B71D8AF31C00066819 /* Project object */;
			proxyType = 1;
			remoteGlobalIDString = 1F8DE5BE1D8AF31C00066819;
			remoteInfo = ExecutorAide;
		};
		1F8DE5E21D8AF31C00066819 /* PBXContainerItemProxy */ = {
			isa = PBXContainerItemProxy;
			containerPortal = 1F8DE5B71D8AF31C00066819 /* Project object */;
			proxyType = 1;
			remoteGlobalIDString = 1F8DE5BE1D8AF31C00066819;
			remoteInfo = ExecutorAide;
		};
/* End PBXContainerItemProxy section */

/* Begin PBXFileReference section */
		1F0DE53C1D8C4497008EE273 /* TestatorModelController.swift */ = {isa = PBXFileReference; fileEncoding = 4; lastKnownFileType = sourcecode.swift; path = TestatorModelController.swift; sourceTree = "<group>"; };
		1F0DE53F1D8C4543008EE273 /* CloudKitManager.swift */ = {isa = PBXFileReference; fileEncoding = 4; lastKnownFileType = sourcecode.swift; path = CloudKitManager.swift; sourceTree = "<group>"; };
		1F0DE5411D8C6E41008EE273 /* PersistenceController.swift */ = {isa = PBXFileReference; fileEncoding = 4; lastKnownFileType = sourcecode.swift; path = PersistenceController.swift; sourceTree = "<group>"; };
		1F0DE5431D8CAE07008EE273 /* StageModelController.swift */ = {isa = PBXFileReference; fileEncoding = 4; lastKnownFileType = sourcecode.swift; path = StageModelController.swift; sourceTree = "<group>"; };
		1F0DE5451D8CAE1E008EE273 /* TaskModelController.swift */ = {isa = PBXFileReference; fileEncoding = 4; lastKnownFileType = sourcecode.swift; path = TaskModelController.swift; sourceTree = "<group>"; };
		1F0DE5471D8CAE32008EE273 /* SubTaskModelController.swift */ = {isa = PBXFileReference; fileEncoding = 4; lastKnownFileType = sourcecode.swift; path = SubTaskModelController.swift; sourceTree = "<group>"; };
		1F0DE5491D8CAE43008EE273 /* DetailModelController.swift */ = {isa = PBXFileReference; fileEncoding = 4; lastKnownFileType = sourcecode.swift; path = DetailModelController.swift; sourceTree = "<group>"; };
		1F30514F1D99B20A00992B2C /* OtherControllerUnitTests.swift */ = {isa = PBXFileReference; fileEncoding = 4; lastKnownFileType = sourcecode.swift; path = OtherControllerUnitTests.swift; sourceTree = "<group>"; };
		1F3051511D99D79800992B2C /* TestatorModelUnitTests.swift */ = {isa = PBXFileReference; fileEncoding = 4; lastKnownFileType = sourcecode.swift; path = TestatorModelUnitTests.swift; sourceTree = "<group>"; };
		1F3051531D99D8BE00992B2C /* TaskModelUnitTests.swift */ = {isa = PBXFileReference; fileEncoding = 4; lastKnownFileType = sourcecode.swift; path = TaskModelUnitTests.swift; sourceTree = "<group>"; };
		1F43D2801D95CC2D00DFEBBA /* StageModelUnitTests.swift */ = {isa = PBXFileReference; fileEncoding = 4; lastKnownFileType = sourcecode.swift; path = StageModelUnitTests.swift; sourceTree = "<group>"; };
		1F463DB61D9C27DE0085E555 /* ServicesCategoriesViewController.swift */ = {isa = PBXFileReference; fileEncoding = 4; lastKnownFileType = sourcecode.swift; path = ServicesCategoriesViewController.swift; sourceTree = "<group>"; };
		1F463DB81D9C2A800085E555 /* ServicesCategoriesTableViewCell.swift */ = {isa = PBXFileReference; fileEncoding = 4; lastKnownFileType = sourcecode.swift; path = ServicesCategoriesTableViewCell.swift; sourceTree = "<group>"; };
		1F463DBA1D9C2D7E0085E555 /* ServiceCategory.swift */ = {isa = PBXFileReference; fileEncoding = 4; lastKnownFileType = sourcecode.swift; path = ServiceCategory.swift; sourceTree = "<group>"; };
		1F463DBC1D9C53B20085E555 /* SearchResultsViewController.swift */ = {isa = PBXFileReference; fileEncoding = 4; lastKnownFileType = sourcecode.swift; path = SearchResultsViewController.swift; sourceTree = "<group>"; };
		1F5EA0001D948ABB00922E17 /* TestatorModelControllerSpec.swift */ = {isa = PBXFileReference; fileEncoding = 4; lastKnownFileType = sourcecode.swift; path = TestatorModelControllerSpec.swift; sourceTree = "<group>"; };
		1F5EA0011D948ABB00922E17 /* TestatorSpec.swift */ = {isa = PBXFileReference; fileEncoding = 4; lastKnownFileType = sourcecode.swift; path = TestatorSpec.swift; sourceTree = "<group>"; };
		1F84E6CF1D8B112900311680 /* Stack.swift */ = {isa = PBXFileReference; fileEncoding = 4; lastKnownFileType = sourcecode.swift; path = Stack.swift; sourceTree = "<group>"; };
		1F84E6D41D8B143300311680 /* CloudKitManagedObject.swift */ = {isa = PBXFileReference; fileEncoding = 4; lastKnownFileType = sourcecode.swift; path = CloudKitManagedObject.swift; sourceTree = "<group>"; };
		1F8DE5BF1D8AF31C00066819 /* ExecutorAide.app */ = {isa = PBXFileReference; explicitFileType = wrapper.application; includeInIndex = 0; path = ExecutorAide.app; sourceTree = BUILT_PRODUCTS_DIR; };
		1F8DE5C21D8AF31C00066819 /* AppDelegate.swift */ = {isa = PBXFileReference; lastKnownFileType = sourcecode.swift; path = AppDelegate.swift; sourceTree = "<group>"; };
		1F8DE5C71D8AF31C00066819 /* Base */ = {isa = PBXFileReference; lastKnownFileType = file.storyboard; name = Base; path = Base.lproj/Main.storyboard; sourceTree = "<group>"; };
		1F8DE5CC1D8AF31C00066819 /* Assets.xcassets */ = {isa = PBXFileReference; lastKnownFileType = folder.assetcatalog; path = Assets.xcassets; sourceTree = "<group>"; };
		1F8DE5CF1D8AF31C00066819 /* Base */ = {isa = PBXFileReference; lastKnownFileType = file.storyboard; name = Base; path = Base.lproj/LaunchScreen.storyboard; sourceTree = "<group>"; };
		1F8DE5D11D8AF31C00066819 /* Info.plist */ = {isa = PBXFileReference; lastKnownFileType = text.plist.xml; path = Info.plist; sourceTree = "<group>"; };
		1F8DE5D61D8AF31C00066819 /* ExecutorAideTests.xctest */ = {isa = PBXFileReference; explicitFileType = wrapper.cfbundle; includeInIndex = 0; path = ExecutorAideTests.xctest; sourceTree = BUILT_PRODUCTS_DIR; };
		1F8DE5DC1D8AF31C00066819 /* Info.plist */ = {isa = PBXFileReference; lastKnownFileType = text.plist.xml; path = Info.plist; sourceTree = "<group>"; };
		1F8DE5E11D8AF31C00066819 /* ExecutorAideUITests.xctest */ = {isa = PBXFileReference; explicitFileType = wrapper.cfbundle; includeInIndex = 0; path = ExecutorAideUITests.xctest; sourceTree = BUILT_PRODUCTS_DIR; };
		1F8DE5E51D8AF31C00066819 /* ExecutorAideUITests.swift */ = {isa = PBXFileReference; lastKnownFileType = sourcecode.swift; path = ExecutorAideUITests.swift; sourceTree = "<group>"; };
		1F8DE5E71D8AF31C00066819 /* Info.plist */ = {isa = PBXFileReference; lastKnownFileType = text.plist.xml; path = Info.plist; sourceTree = "<group>"; };
		1F8DE5F31D8AF32800066819 /* ExecutorAide.entitlements */ = {isa = PBXFileReference; lastKnownFileType = text.plist.entitlements; path = ExecutorAide.entitlements; sourceTree = "<group>"; };
		1F8DE5F51D8AF32A00066819 /* CloudKit.framework */ = {isa = PBXFileReference; lastKnownFileType = wrapper.framework; name = CloudKit.framework; path = System/Library/Frameworks/CloudKit.framework; sourceTree = SDKROOT; };
		1F8DE5F81D8AF7EE00066819 /* Model.xcdatamodel */ = {isa = PBXFileReference; lastKnownFileType = wrapper.xcdatamodel; path = Model.xcdatamodel; sourceTree = "<group>"; };
		1FF6DBA31D8B36C2009CCAC7 /* SubTask+CoreDataProperties.swift */ = {isa = PBXFileReference; fileEncoding = 4; lastKnownFileType = sourcecode.swift; path = "SubTask+CoreDataProperties.swift"; sourceTree = "<group>"; };
		1FF6DBA51D8B36C2009CCAC7 /* Stage+CoreDataProperties.swift */ = {isa = PBXFileReference; fileEncoding = 4; lastKnownFileType = sourcecode.swift; path = "Stage+CoreDataProperties.swift"; sourceTree = "<group>"; };
		1FF6DBA61D8B36C2009CCAC7 /* SyncableObject+CoreDataProperties.swift */ = {isa = PBXFileReference; fileEncoding = 4; lastKnownFileType = sourcecode.swift; path = "SyncableObject+CoreDataProperties.swift"; sourceTree = "<group>"; };
		1FF6DBA71D8B36C2009CCAC7 /* Task+CoreDataProperties.swift */ = {isa = PBXFileReference; fileEncoding = 4; lastKnownFileType = sourcecode.swift; path = "Task+CoreDataProperties.swift"; sourceTree = "<group>"; };
		1FF6DBA81D8B36C2009CCAC7 /* Testator+CoreDataProperties.swift */ = {isa = PBXFileReference; fileEncoding = 4; lastKnownFileType = sourcecode.swift; path = "Testator+CoreDataProperties.swift"; sourceTree = "<group>"; };
		1FF6DBB91D8B43DD009CCAC7 /* Detail+CoreDataProperties.swift */ = {isa = PBXFileReference; fileEncoding = 4; lastKnownFileType = sourcecode.swift; path = "Detail+CoreDataProperties.swift"; sourceTree = "<group>"; };
		1FF6DBBB1D8B4408009CCAC7 /* Detail+CoreDataClass.swift */ = {isa = PBXFileReference; fileEncoding = 4; lastKnownFileType = sourcecode.swift; path = "Detail+CoreDataClass.swift"; sourceTree = "<group>"; };
		1FF6DBBD1D8B442A009CCAC7 /* Stage+CoreDataClass.swift */ = {isa = PBXFileReference; fileEncoding = 4; lastKnownFileType = sourcecode.swift; path = "Stage+CoreDataClass.swift"; sourceTree = "<group>"; };
		1FF6DBBE1D8B442A009CCAC7 /* SubTask+CoreDataClass.swift */ = {isa = PBXFileReference; fileEncoding = 4; lastKnownFileType = sourcecode.swift; path = "SubTask+CoreDataClass.swift"; sourceTree = "<group>"; };
		1FF6DBBF1D8B442A009CCAC7 /* SyncableObject+CoreDataClass.swift */ = {isa = PBXFileReference; fileEncoding = 4; lastKnownFileType = sourcecode.swift; path = "SyncableObject+CoreDataClass.swift"; sourceTree = "<group>"; };
		1FF6DBC01D8B442A009CCAC7 /* Task+CoreDataClass.swift */ = {isa = PBXFileReference; fileEncoding = 4; lastKnownFileType = sourcecode.swift; path = "Task+CoreDataClass.swift"; sourceTree = "<group>"; };
		1FF6DBC11D8B442A009CCAC7 /* Testator+CoreDataClass.swift */ = {isa = PBXFileReference; fileEncoding = 4; lastKnownFileType = sourcecode.swift; path = "Testator+CoreDataClass.swift"; sourceTree = "<group>"; };
		22033C931D918BA500FC4FA0 /* DataTemplateController.swift */ = {isa = PBXFileReference; fileEncoding = 4; lastKnownFileType = sourcecode.swift; path = DataTemplateController.swift; sourceTree = "<group>"; };
		222271A31D9B109E0082AAB5 /* NewTaskViewController.swift */ = {isa = PBXFileReference; fileEncoding = 4; lastKnownFileType = sourcecode.swift; path = NewTaskViewController.swift; sourceTree = "<group>"; };
		222271A51D9B115E0082AAB5 /* NewSubTaskViewController.swift */ = {isa = PBXFileReference; fileEncoding = 4; lastKnownFileType = sourcecode.swift; path = NewSubTaskViewController.swift; sourceTree = "<group>"; };
		222271A81D9B13850082AAB5 /* Base */ = {isa = PBXFileReference; lastKnownFileType = file.storyboard; name = Base; path = Base.lproj/NewSubTask.storyboard; sourceTree = "<group>"; };
		222271AA1D9B13900082AAB5 /* NewTask.storyboard */ = {isa = PBXFileReference; fileEncoding = 4; lastKnownFileType = file.storyboard; path = NewTask.storyboard; sourceTree = "<group>"; };
		22319A751D90456700472494 /* StageViewController.swift */ = {isa = PBXFileReference; fileEncoding = 4; lastKnownFileType = sourcecode.swift; path = StageViewController.swift; sourceTree = "<group>"; };
		22319A781D9045B500472494 /* NewTestatorPopoverViewController.swift */ = {isa = PBXFileReference; fileEncoding = 4; lastKnownFileType = sourcecode.swift; path = NewTestatorPopoverViewController.swift; sourceTree = "<group>"; };
		22319A791D9045B500472494 /* SubTaskTableViewCell.swift */ = {isa = PBXFileReference; fileEncoding = 4; lastKnownFileType = sourcecode.swift; path = SubTaskTableViewCell.swift; sourceTree = "<group>"; };
		22319A7A1D9045B500472494 /* SubTaskTableViewCell.xib */ = {isa = PBXFileReference; fileEncoding = 4; lastKnownFileType = file.xib; path = SubTaskTableViewCell.xib; sourceTree = "<group>"; };
		22319A7B1D9045B500472494 /* TestatorTableViewCell.swift */ = {isa = PBXFileReference; fileEncoding = 4; lastKnownFileType = sourcecode.swift; path = TestatorTableViewCell.swift; sourceTree = "<group>"; };
		22319A7C1D9045B500472494 /* TestatorTableViewCell.xib */ = {isa = PBXFileReference; fileEncoding = 4; lastKnownFileType = file.xib; path = TestatorTableViewCell.xib; sourceTree = "<group>"; };
		22319A7D1D9045B500472494 /* TestatorViewController.swift */ = {isa = PBXFileReference; fileEncoding = 4; lastKnownFileType = sourcecode.swift; path = TestatorViewController.swift; sourceTree = "<group>"; };
		22319A881D904D9600472494 /* Base */ = {isa = PBXFileReference; lastKnownFileType = file.storyboard; name = Base; path = Base.lproj/NewTestatorPopover.storyboard; sourceTree = "<group>"; };
		22319A8A1D904D9600472494 /* Base */ = {isa = PBXFileReference; lastKnownFileType = file.storyboard; name = Base; path = Base.lproj/SegmentsViewController.storyboard; sourceTree = "<group>"; };
		22319A8E1D90835F00472494 /* ImageSelectionViewController.swift */ = {isa = PBXFileReference; fileEncoding = 4; lastKnownFileType = sourcecode.swift; path = ImageSelectionViewController.swift; sourceTree = "<group>"; };
/* End PBXFileReference section */

/* Begin PBXFrameworksBuildPhase section */
		1F8DE5BC1D8AF31C00066819 /* Frameworks */ = {
			isa = PBXFrameworksBuildPhase;
			buildActionMask = 2147483647;
			files = (
				1F8DE5F61D8AF32A00066819 /* CloudKit.framework in Frameworks */,
			);
			runOnlyForDeploymentPostprocessing = 0;
		};
		1F8DE5D31D8AF31C00066819 /* Frameworks */ = {
			isa = PBXFrameworksBuildPhase;
			buildActionMask = 2147483647;
			files = (
			);
			runOnlyForDeploymentPostprocessing = 0;
		};
		1F8DE5DE1D8AF31C00066819 /* Frameworks */ = {
			isa = PBXFrameworksBuildPhase;
			buildActionMask = 2147483647;
			files = (
			);
			runOnlyForDeploymentPostprocessing = 0;
		};
/* End PBXFrameworksBuildPhase section */

/* Begin PBXGroup section */
		1F0DE53E1D8C449D008EE273 /* ModelController */ = {
			isa = PBXGroup;
			children = (
				22033C931D918BA500FC4FA0 /* DataTemplateController.swift */,
				1F0DE5491D8CAE43008EE273 /* DetailModelController.swift */,
				1F0DE5431D8CAE07008EE273 /* StageModelController.swift */,
				1F0DE5471D8CAE32008EE273 /* SubTaskModelController.swift */,
				1F0DE5451D8CAE1E008EE273 /* TaskModelController.swift */,
				1F0DE53C1D8C4497008EE273 /* TestatorModelController.swift */,
			);
			name = ModelController;
			sourceTree = "<group>";
		};
		1F44870E1D9CD0E90065C5B6 /* Enum */ = {
			isa = PBXGroup;
			children = (
				1F463DBA1D9C2D7E0085E555 /* ServiceCategory.swift */,
			);
			name = Enum;
			sourceTree = "<group>";
		};
		1F84E6D11D8B137900311680 /* OtherController */ = {
			isa = PBXGroup;
			children = (
				1F0DE53F1D8C4543008EE273 /* CloudKitManager.swift */,
				1F0DE5411D8C6E41008EE273 /* PersistenceController.swift */,
				1F84E6CF1D8B112900311680 /* Stack.swift */,
			);
			name = OtherController;
			sourceTree = "<group>";
		};
		1F8DE5B61D8AF31C00066819 = {
			isa = PBXGroup;
			children = (
				1F8DE5C11D8AF31C00066819 /* ExecutorAide */,
				1F8DE5D91D8AF31C00066819 /* ExecutorAideTests */,
				1F8DE5E41D8AF31C00066819 /* ExecutorAideUITests */,
				1F8DE5C01D8AF31C00066819 /* Products */,
				1F8DE5F41D8AF32A00066819 /* Frameworks */,
			);
			sourceTree = "<group>";
		};
		1F8DE5C01D8AF31C00066819 /* Products */ = {
			isa = PBXGroup;
			children = (
				1F8DE5BF1D8AF31C00066819 /* ExecutorAide.app */,
				1F8DE5D61D8AF31C00066819 /* ExecutorAideTests.xctest */,
				1F8DE5E11D8AF31C00066819 /* ExecutorAideUITests.xctest */,
			);
			name = Products;
			sourceTree = "<group>";
		};
		1F8DE5C11D8AF31C00066819 /* ExecutorAide */ = {
			isa = PBXGroup;
			children = (
				1F8DE5F31D8AF32800066819 /* ExecutorAide.entitlements */,
				1F44870E1D9CD0E90065C5B6 /* Enum */,
				1F8DE5FA1D8AF85700066819 /* Model */,
				1F0DE53E1D8C449D008EE273 /* ModelController */,
				1F84E6D11D8B137900311680 /* OtherController */,
				22319A861D9045CB00472494 /* View Controllers */,
				22319A851D9045C000472494 /* Views */,
				22319A8D1D904D9E00472494 /* StoryBoards */,
				1F8DE5C21D8AF31C00066819 /* AppDelegate.swift */,
				1F8DE5CC1D8AF31C00066819 /* Assets.xcassets */,
				1F8DE5D11D8AF31C00066819 /* Info.plist */,
				1F8DE5CE1D8AF31C00066819 /* LaunchScreen.storyboard */,
			);
			path = ExecutorAide;
			sourceTree = "<group>";
		};
		1F8DE5D91D8AF31C00066819 /* ExecutorAideTests */ = {
			isa = PBXGroup;
			children = (
				1F43D2801D95CC2D00DFEBBA /* StageModelUnitTests.swift */,
				1F3051531D99D8BE00992B2C /* TaskModelUnitTests.swift */,
				1F3051511D99D79800992B2C /* TestatorModelUnitTests.swift */,
				1F30514F1D99B20A00992B2C /* OtherControllerUnitTests.swift */,
				1F5EA0001D948ABB00922E17 /* TestatorModelControllerSpec.swift */,
				1F5EA0011D948ABB00922E17 /* TestatorSpec.swift */,
				1F8DE5DC1D8AF31C00066819 /* Info.plist */,
			);
			path = ExecutorAideTests;
			sourceTree = "<group>";
		};
		1F8DE5E41D8AF31C00066819 /* ExecutorAideUITests */ = {
			isa = PBXGroup;
			children = (
				1F8DE5E51D8AF31C00066819 /* ExecutorAideUITests.swift */,
				1F8DE5E71D8AF31C00066819 /* Info.plist */,
			);
			path = ExecutorAideUITests;
			sourceTree = "<group>";
		};
		1F8DE5F41D8AF32A00066819 /* Frameworks */ = {
			isa = PBXGroup;
			children = (
				1F8DE5F51D8AF32A00066819 /* CloudKit.framework */,
			);
			name = Frameworks;
			sourceTree = "<group>";
		};
		1F8DE5FA1D8AF85700066819 /* Model */ = {
			isa = PBXGroup;
			children = (
				1F84E6D41D8B143300311680 /* CloudKitManagedObject.swift */,
				1FF6DBBB1D8B4408009CCAC7 /* Detail+CoreDataClass.swift */,
				1FF6DBB91D8B43DD009CCAC7 /* Detail+CoreDataProperties.swift */,
				1F8DE5F71D8AF7EE00066819 /* Model.xcdatamodeld */,
				1FF6DBBD1D8B442A009CCAC7 /* Stage+CoreDataClass.swift */,
				1FF6DBA51D8B36C2009CCAC7 /* Stage+CoreDataProperties.swift */,
				1FF6DBBE1D8B442A009CCAC7 /* SubTask+CoreDataClass.swift */,
				1FF6DBA31D8B36C2009CCAC7 /* SubTask+CoreDataProperties.swift */,
				1FF6DBBF1D8B442A009CCAC7 /* SyncableObject+CoreDataClass.swift */,
				1FF6DBA61D8B36C2009CCAC7 /* SyncableObject+CoreDataProperties.swift */,
				1FF6DBC01D8B442A009CCAC7 /* Task+CoreDataClass.swift */,
				1FF6DBA71D8B36C2009CCAC7 /* Task+CoreDataProperties.swift */,
				1FF6DBC11D8B442A009CCAC7 /* Testator+CoreDataClass.swift */,
				1FF6DBA81D8B36C2009CCAC7 /* Testator+CoreDataProperties.swift */,
			);
			name = Model;
			sourceTree = "<group>";
		};
		22319A851D9045C000472494 /* Views */ = {
			isa = PBXGroup;
			children = (
				22319A791D9045B500472494 /* SubTaskTableViewCell.swift */,
				22319A7A1D9045B500472494 /* SubTaskTableViewCell.xib */,
				22319A7B1D9045B500472494 /* TestatorTableViewCell.swift */,
				22319A7C1D9045B500472494 /* TestatorTableViewCell.xib */,
			);
			name = Views;
			sourceTree = "<group>";
		};
		22319A861D9045CB00472494 /* View Controllers */ = {
			isa = PBXGroup;
			children = (
				22319A8E1D90835F00472494 /* ImageSelectionViewController.swift */,
				222271A51D9B115E0082AAB5 /* NewSubTaskViewController.swift */,
				222271A31D9B109E0082AAB5 /* NewTaskViewController.swift */,
				22319A781D9045B500472494 /* NewTestatorPopoverViewController.swift */,
				1F463DBC1D9C53B20085E555 /* SearchResultsViewController.swift */,
				1F463DB81D9C2A800085E555 /* ServicesCategoriesTableViewCell.swift */,
				1F463DB61D9C27DE0085E555 /* ServicesCategoriesViewController.swift */,
				22319A751D90456700472494 /* StageViewController.swift */,
				22319A7D1D9045B500472494 /* TestatorViewController.swift */,
			);
			name = "View Controllers";
			sourceTree = "<group>";
		};
		22319A8D1D904D9E00472494 /* StoryBoards */ = {
			isa = PBXGroup;
			children = (
				1F8DE5C61D8AF31C00066819 /* Main.storyboard */,
				22319A871D904D9600472494 /* NewTestatorPopover.storyboard */,
				22319A891D904D9600472494 /* SegmentsViewController.storyboard */,
				222271AA1D9B13900082AAB5 /* NewTask.storyboard */,
				222271A71D9B13850082AAB5 /* NewSubTask.storyboard */,
			);
			name = StoryBoards;
			sourceTree = "<group>";
		};
/* End PBXGroup section */

/* Begin PBXNativeTarget section */
		1F8DE5BE1D8AF31C00066819 /* ExecutorAide */ = {
			isa = PBXNativeTarget;
			buildConfigurationList = 1F8DE5EA1D8AF31C00066819 /* Build configuration list for PBXNativeTarget "ExecutorAide" */;
			buildPhases = (
				1F8DE5BB1D8AF31C00066819 /* Sources */,
				1F8DE5BC1D8AF31C00066819 /* Frameworks */,
				1F8DE5BD1D8AF31C00066819 /* Resources */,
			);
			buildRules = (
			);
			dependencies = (
			);
			name = ExecutorAide;
			productName = ExecutorAide;
			productReference = 1F8DE5BF1D8AF31C00066819 /* ExecutorAide.app */;
			productType = "com.apple.product-type.application";
		};
		1F8DE5D51D8AF31C00066819 /* ExecutorAideTests */ = {
			isa = PBXNativeTarget;
			buildConfigurationList = 1F8DE5ED1D8AF31C00066819 /* Build configuration list for PBXNativeTarget "ExecutorAideTests" */;
			buildPhases = (
				1F8DE5D21D8AF31C00066819 /* Sources */,
				1F8DE5D31D8AF31C00066819 /* Frameworks */,
				1F8DE5D41D8AF31C00066819 /* Resources */,
			);
			buildRules = (
			);
			dependencies = (
				1F8DE5D81D8AF31C00066819 /* PBXTargetDependency */,
			);
			name = ExecutorAideTests;
			productName = ExecutorAideTests;
			productReference = 1F8DE5D61D8AF31C00066819 /* ExecutorAideTests.xctest */;
			productType = "com.apple.product-type.bundle.unit-test";
		};
		1F8DE5E01D8AF31C00066819 /* ExecutorAideUITests */ = {
			isa = PBXNativeTarget;
			buildConfigurationList = 1F8DE5F01D8AF31C00066819 /* Build configuration list for PBXNativeTarget "ExecutorAideUITests" */;
			buildPhases = (
				1F8DE5DD1D8AF31C00066819 /* Sources */,
				1F8DE5DE1D8AF31C00066819 /* Frameworks */,
				1F8DE5DF1D8AF31C00066819 /* Resources */,
			);
			buildRules = (
			);
			dependencies = (
				1F8DE5E31D8AF31C00066819 /* PBXTargetDependency */,
			);
			name = ExecutorAideUITests;
			productName = ExecutorAideUITests;
			productReference = 1F8DE5E11D8AF31C00066819 /* ExecutorAideUITests.xctest */;
			productType = "com.apple.product-type.bundle.ui-testing";
		};
/* End PBXNativeTarget section */

/* Begin PBXProject section */
		1F8DE5B71D8AF31C00066819 /* Project object */ = {
			isa = PBXProject;
			attributes = {
				LastSwiftUpdateCheck = 0800;
				LastUpgradeCheck = 0800;
				ORGANIZATIONNAME = NortCham;
				TargetAttributes = {
					1F8DE5BE1D8AF31C00066819 = {
						CreatedOnToolsVersion = 8.0;
						DevelopmentTeam = A6ASF988U5;
						ProvisioningStyle = Automatic;
						SystemCapabilities = {
							com.apple.Push = {
								enabled = 1;
							};
							com.apple.iCloud = {
								enabled = 1;
							};
						};
					};
					1F8DE5D51D8AF31C00066819 = {
						CreatedOnToolsVersion = 8.0;
						DevelopmentTeam = A6ASF988U5;
						ProvisioningStyle = Automatic;
						TestTargetID = 1F8DE5BE1D8AF31C00066819;
					};
					1F8DE5E01D8AF31C00066819 = {
						CreatedOnToolsVersion = 8.0;
						DevelopmentTeam = A6ASF988U5;
						ProvisioningStyle = Automatic;
						TestTargetID = 1F8DE5BE1D8AF31C00066819;
					};
				};
			};
			buildConfigurationList = 1F8DE5BA1D8AF31C00066819 /* Build configuration list for PBXProject "ExecutorAide" */;
			compatibilityVersion = "Xcode 3.2";
			developmentRegion = English;
			hasScannedForEncodings = 0;
			knownRegions = (
				en,
				Base,
			);
			mainGroup = 1F8DE5B61D8AF31C00066819;
			productRefGroup = 1F8DE5C01D8AF31C00066819 /* Products */;
			projectDirPath = "";
			projectRoot = "";
			targets = (
				1F8DE5BE1D8AF31C00066819 /* ExecutorAide */,
				1F8DE5D51D8AF31C00066819 /* ExecutorAideTests */,
				1F8DE5E01D8AF31C00066819 /* ExecutorAideUITests */,
			);
		};
/* End PBXProject section */

/* Begin PBXResourcesBuildPhase section */
		1F8DE5BD1D8AF31C00066819 /* Resources */ = {
			isa = PBXResourcesBuildPhase;
			buildActionMask = 2147483647;
			files = (
				22319A8C1D904D9600472494 /* SegmentsViewController.storyboard in Resources */,
				22319A831D9045B500472494 /* TestatorTableViewCell.xib in Resources */,
				1F8DE5D01D8AF31C00066819 /* LaunchScreen.storyboard in Resources */,
				222271AB1D9B13900082AAB5 /* NewTask.storyboard in Resources */,
				222271A91D9B13850082AAB5 /* NewSubTask.storyboard in Resources */,
				22319A811D9045B500472494 /* SubTaskTableViewCell.xib in Resources */,
				1F8DE5CD1D8AF31C00066819 /* Assets.xcassets in Resources */,
				1F8DE5C81D8AF31C00066819 /* Main.storyboard in Resources */,
				22319A8B1D904D9600472494 /* NewTestatorPopover.storyboard in Resources */,
			);
			runOnlyForDeploymentPostprocessing = 0;
		};
		1F8DE5D41D8AF31C00066819 /* Resources */ = {
			isa = PBXResourcesBuildPhase;
			buildActionMask = 2147483647;
			files = (
			);
			runOnlyForDeploymentPostprocessing = 0;
		};
		1F8DE5DF1D8AF31C00066819 /* Resources */ = {
			isa = PBXResourcesBuildPhase;
			buildActionMask = 2147483647;
			files = (
			);
			runOnlyForDeploymentPostprocessing = 0;
		};
/* End PBXResourcesBuildPhase section */

/* Begin PBXSourcesBuildPhase section */
		1F8DE5BB1D8AF31C00066819 /* Sources */ = {
			isa = PBXSourcesBuildPhase;
			buildActionMask = 2147483647;
			files = (
				1F8DE5C31D8AF31C00066819 /* AppDelegate.swift in Sources */,
				22319A8F1D90835F00472494 /* ImageSelectionViewController.swift in Sources */,
				1F0DE54A1D8CAE43008EE273 /* DetailModelController.swift in Sources */,
				1FF6DBC61D8B442A009CCAC7 /* Testator+CoreDataClass.swift in Sources */,
				1F84E6D51D8B143300311680 /* CloudKitManagedObject.swift in Sources */,
				1F463DB91D9C2A800085E555 /* ServicesCategoriesTableViewCell.swift in Sources */,
				1F0DE5481D8CAE32008EE273 /* SubTaskModelController.swift in Sources */,
				22319A801D9045B500472494 /* SubTaskTableViewCell.swift in Sources */,
				22319A821D9045B500472494 /* TestatorTableViewCell.swift in Sources */,
				1FF6DBAB1D8B36C2009CCAC7 /* Stage+CoreDataProperties.swift in Sources */,
				1FF6DBC41D8B442A009CCAC7 /* SyncableObject+CoreDataClass.swift in Sources */,
				222271A41D9B109E0082AAB5 /* NewTaskViewController.swift in Sources */,
				1FF6DBBC1D8B4408009CCAC7 /* Detail+CoreDataClass.swift in Sources */,
				1F0DE5441D8CAE07008EE273 /* StageModelController.swift in Sources */,
				1FF6DBAD1D8B36C2009CCAC7 /* Task+CoreDataProperties.swift in Sources */,
				1F0DE53D1D8C4497008EE273 /* TestatorModelController.swift in Sources */,
				1F0DE5401D8C4543008EE273 /* CloudKitManager.swift in Sources */,
				1FF6DBAE1D8B36C2009CCAC7 /* Testator+CoreDataProperties.swift in Sources */,
				1F84E6D01D8B112900311680 /* Stack.swift in Sources */,
				1FF6DBC51D8B442A009CCAC7 /* Task+CoreDataClass.swift in Sources */,
				1F463DB71D9C27DE0085E555 /* ServicesCategoriesViewController.swift in Sources */,
				1F463DBB1D9C2D7E0085E555 /* ServiceCategory.swift in Sources */,
				22319A761D90456700472494 /* StageViewController.swift in Sources */,
				1F0DE5461D8CAE1E008EE273 /* TaskModelController.swift in Sources */,
				1FF6DBBA1D8B43DD009CCAC7 /* Detail+CoreDataProperties.swift in Sources */,
				1F463DBD1D9C53B20085E555 /* SearchResultsViewController.swift in Sources */,
				1F0DE5421D8C6E41008EE273 /* PersistenceController.swift in Sources */,
				1FF6DBC21D8B442A009CCAC7 /* Stage+CoreDataClass.swift in Sources */,
				22033C941D918BA500FC4FA0 /* DataTemplateController.swift in Sources */,
				22319A7F1D9045B500472494 /* NewTestatorPopoverViewController.swift in Sources */,
				1FF6DBAC1D8B36C2009CCAC7 /* SyncableObject+CoreDataProperties.swift in Sources */,
				1FF6DBC31D8B442A009CCAC7 /* SubTask+CoreDataClass.swift in Sources */,
				1FF6DBA91D8B36C2009CCAC7 /* SubTask+CoreDataProperties.swift in Sources */,
				1F8DE5F91D8AF7EE00066819 /* Model.xcdatamodeld in Sources */,
				22319A841D9045B500472494 /* TestatorViewController.swift in Sources */,
				222271A61D9B115E0082AAB5 /* NewSubTaskViewController.swift in Sources */,
			);
			runOnlyForDeploymentPostprocessing = 0;
		};
		1F8DE5D21D8AF31C00066819 /* Sources */ = {
			isa = PBXSourcesBuildPhase;
			buildActionMask = 2147483647;
			files = (
				1F3051541D99D8BE00992B2C /* TaskModelUnitTests.swift in Sources */,
				1F5EA0021D948ABB00922E17 /* TestatorModelControllerSpec.swift in Sources */,
				1F5EA0031D948ABB00922E17 /* TestatorSpec.swift in Sources */,
				1F3051521D99D79800992B2C /* TestatorModelUnitTests.swift in Sources */,
				1F3051501D99B20A00992B2C /* OtherControllerUnitTests.swift in Sources */,
				1F43D2811D95CC2D00DFEBBA /* StageModelUnitTests.swift in Sources */,
			);
			runOnlyForDeploymentPostprocessing = 0;
		};
		1F8DE5DD1D8AF31C00066819 /* Sources */ = {
			isa = PBXSourcesBuildPhase;
			buildActionMask = 2147483647;
			files = (
				1F8DE5E61D8AF31C00066819 /* ExecutorAideUITests.swift in Sources */,
			);
			runOnlyForDeploymentPostprocessing = 0;
		};
/* End PBXSourcesBuildPhase section */

/* Begin PBXTargetDependency section */
		1F8DE5D81D8AF31C00066819 /* PBXTargetDependency */ = {
			isa = PBXTargetDependency;
			target = 1F8DE5BE1D8AF31C00066819 /* ExecutorAide */;
			targetProxy = 1F8DE5D71D8AF31C00066819 /* PBXContainerItemProxy */;
		};
		1F8DE5E31D8AF31C00066819 /* PBXTargetDependency */ = {
			isa = PBXTargetDependency;
			target = 1F8DE5BE1D8AF31C00066819 /* ExecutorAide */;
			targetProxy = 1F8DE5E21D8AF31C00066819 /* PBXContainerItemProxy */;
		};
/* End PBXTargetDependency section */

/* Begin PBXVariantGroup section */
		1F8DE5C61D8AF31C00066819 /* Main.storyboard */ = {
			isa = PBXVariantGroup;
			children = (
				1F8DE5C71D8AF31C00066819 /* Base */,
			);
			name = Main.storyboard;
			sourceTree = "<group>";
		};
		1F8DE5CE1D8AF31C00066819 /* LaunchScreen.storyboard */ = {
			isa = PBXVariantGroup;
			children = (
				1F8DE5CF1D8AF31C00066819 /* Base */,
			);
			name = LaunchScreen.storyboard;
			sourceTree = "<group>";
		};
		222271A71D9B13850082AAB5 /* NewSubTask.storyboard */ = {
			isa = PBXVariantGroup;
			children = (
				222271A81D9B13850082AAB5 /* Base */,
			);
			name = NewSubTask.storyboard;
			sourceTree = "<group>";
		};
		22319A871D904D9600472494 /* NewTestatorPopover.storyboard */ = {
			isa = PBXVariantGroup;
			children = (
				22319A881D904D9600472494 /* Base */,
			);
			name = NewTestatorPopover.storyboard;
			sourceTree = "<group>";
		};
		22319A891D904D9600472494 /* SegmentsViewController.storyboard */ = {
			isa = PBXVariantGroup;
			children = (
				22319A8A1D904D9600472494 /* Base */,
			);
			name = SegmentsViewController.storyboard;
			sourceTree = "<group>";
		};
/* End PBXVariantGroup section */

/* Begin XCBuildConfiguration section */
		1F8DE5E81D8AF31C00066819 /* Debug */ = {
			isa = XCBuildConfiguration;
			buildSettings = {
				ALWAYS_SEARCH_USER_PATHS = NO;
				CLANG_ANALYZER_NONNULL = YES;
				CLANG_CXX_LANGUAGE_STANDARD = "gnu++0x";
				CLANG_CXX_LIBRARY = "libc++";
				CLANG_ENABLE_MODULES = YES;
				CLANG_ENABLE_OBJC_ARC = YES;
				CLANG_WARN_BOOL_CONVERSION = YES;
				CLANG_WARN_CONSTANT_CONVERSION = YES;
				CLANG_WARN_DIRECT_OBJC_ISA_USAGE = YES_ERROR;
				CLANG_WARN_DOCUMENTATION_COMMENTS = YES;
				CLANG_WARN_EMPTY_BODY = YES;
				CLANG_WARN_ENUM_CONVERSION = YES;
				CLANG_WARN_INFINITE_RECURSION = YES;
				CLANG_WARN_INT_CONVERSION = YES;
				CLANG_WARN_OBJC_ROOT_CLASS = YES_ERROR;
				CLANG_WARN_SUSPICIOUS_MOVES = YES;
				CLANG_WARN_UNREACHABLE_CODE = YES;
				CLANG_WARN__DUPLICATE_METHOD_MATCH = YES;
				"CODE_SIGN_IDENTITY[sdk=iphoneos*]" = "iPhone Developer";
				COPY_PHASE_STRIP = NO;
				DEBUG_INFORMATION_FORMAT = dwarf;
				ENABLE_STRICT_OBJC_MSGSEND = YES;
				ENABLE_TESTABILITY = YES;
				GCC_C_LANGUAGE_STANDARD = gnu99;
				GCC_DYNAMIC_NO_PIC = NO;
				GCC_NO_COMMON_BLOCKS = YES;
				GCC_OPTIMIZATION_LEVEL = 0;
				GCC_PREPROCESSOR_DEFINITIONS = (
					"DEBUG=1",
					"$(inherited)",
				);
				GCC_WARN_64_TO_32_BIT_CONVERSION = YES;
				GCC_WARN_ABOUT_RETURN_TYPE = YES_ERROR;
				GCC_WARN_UNDECLARED_SELECTOR = YES;
				GCC_WARN_UNINITIALIZED_AUTOS = YES_AGGRESSIVE;
				GCC_WARN_UNUSED_FUNCTION = YES;
				GCC_WARN_UNUSED_VARIABLE = YES;
				IPHONEOS_DEPLOYMENT_TARGET = 10.0;
				MTL_ENABLE_DEBUG_INFO = YES;
				ONLY_ACTIVE_ARCH = YES;
				SDKROOT = iphoneos;
				SWIFT_ACTIVE_COMPILATION_CONDITIONS = DEBUG;
				SWIFT_OPTIMIZATION_LEVEL = "-Onone";
				TARGETED_DEVICE_FAMILY = "1,2";
			};
			name = Debug;
		};
		1F8DE5E91D8AF31C00066819 /* Release */ = {
			isa = XCBuildConfiguration;
			buildSettings = {
				ALWAYS_SEARCH_USER_PATHS = NO;
				CLANG_ANALYZER_NONNULL = YES;
				CLANG_CXX_LANGUAGE_STANDARD = "gnu++0x";
				CLANG_CXX_LIBRARY = "libc++";
				CLANG_ENABLE_MODULES = YES;
				CLANG_ENABLE_OBJC_ARC = YES;
				CLANG_WARN_BOOL_CONVERSION = YES;
				CLANG_WARN_CONSTANT_CONVERSION = YES;
				CLANG_WARN_DIRECT_OBJC_ISA_USAGE = YES_ERROR;
				CLANG_WARN_DOCUMENTATION_COMMENTS = YES;
				CLANG_WARN_EMPTY_BODY = YES;
				CLANG_WARN_ENUM_CONVERSION = YES;
				CLANG_WARN_INFINITE_RECURSION = YES;
				CLANG_WARN_INT_CONVERSION = YES;
				CLANG_WARN_OBJC_ROOT_CLASS = YES_ERROR;
				CLANG_WARN_SUSPICIOUS_MOVES = YES;
				CLANG_WARN_UNREACHABLE_CODE = YES;
				CLANG_WARN__DUPLICATE_METHOD_MATCH = YES;
				"CODE_SIGN_IDENTITY[sdk=iphoneos*]" = "iPhone Developer";
				COPY_PHASE_STRIP = NO;
				DEBUG_INFORMATION_FORMAT = "dwarf-with-dsym";
				ENABLE_NS_ASSERTIONS = NO;
				ENABLE_STRICT_OBJC_MSGSEND = YES;
				GCC_C_LANGUAGE_STANDARD = gnu99;
				GCC_NO_COMMON_BLOCKS = YES;
				GCC_WARN_64_TO_32_BIT_CONVERSION = YES;
				GCC_WARN_ABOUT_RETURN_TYPE = YES_ERROR;
				GCC_WARN_UNDECLARED_SELECTOR = YES;
				GCC_WARN_UNINITIALIZED_AUTOS = YES_AGGRESSIVE;
				GCC_WARN_UNUSED_FUNCTION = YES;
				GCC_WARN_UNUSED_VARIABLE = YES;
				IPHONEOS_DEPLOYMENT_TARGET = 10.0;
				MTL_ENABLE_DEBUG_INFO = NO;
				SDKROOT = iphoneos;
				SWIFT_OPTIMIZATION_LEVEL = "-Owholemodule";
				TARGETED_DEVICE_FAMILY = "1,2";
				VALIDATE_PRODUCT = YES;
			};
			name = Release;
		};
		1F8DE5EB1D8AF31C00066819 /* Debug */ = {
			isa = XCBuildConfiguration;
			buildSettings = {
				ASSETCATALOG_COMPILER_APPICON_NAME = AppIcon;
				CODE_SIGN_ENTITLEMENTS = ExecutorAide/ExecutorAide.entitlements;
				DEVELOPMENT_TEAM = A6ASF988U5;
				INFOPLIST_FILE = ExecutorAide/Info.plist;
				LD_RUNPATH_SEARCH_PATHS = "$(inherited) @executable_path/Frameworks";
				PRODUCT_BUNDLE_IDENTIFIER = com.nortcham.ExecutorAide;
				PRODUCT_NAME = "$(TARGET_NAME)";
				SWIFT_VERSION = 3.0;
			};
			name = Debug;
		};
		1F8DE5EC1D8AF31C00066819 /* Release */ = {
			isa = XCBuildConfiguration;
			buildSettings = {
				ASSETCATALOG_COMPILER_APPICON_NAME = AppIcon;
				CODE_SIGN_ENTITLEMENTS = ExecutorAide/ExecutorAide.entitlements;
				DEVELOPMENT_TEAM = A6ASF988U5;
				INFOPLIST_FILE = ExecutorAide/Info.plist;
				LD_RUNPATH_SEARCH_PATHS = "$(inherited) @executable_path/Frameworks";
				PRODUCT_BUNDLE_IDENTIFIER = com.nortcham.ExecutorAide;
				PRODUCT_NAME = "$(TARGET_NAME)";
				SWIFT_VERSION = 3.0;
			};
			name = Release;
		};
		1F8DE5EE1D8AF31C00066819 /* Debug */ = {
			isa = XCBuildConfiguration;
			buildSettings = {
				ALWAYS_EMBED_SWIFT_STANDARD_LIBRARIES = YES;
				BUNDLE_LOADER = "$(TEST_HOST)";
				DEVELOPMENT_TEAM = A6ASF988U5;
				INFOPLIST_FILE = ExecutorAideTests/Info.plist;
				LD_RUNPATH_SEARCH_PATHS = "$(inherited) @executable_path/Frameworks @loader_path/Frameworks";
				PRODUCT_BUNDLE_IDENTIFIER = com.nortcham.ExecutorAideTests;
				PRODUCT_NAME = "$(TARGET_NAME)";
				SWIFT_VERSION = 3.0;
				TEST_HOST = "$(BUILT_PRODUCTS_DIR)/ExecutorAide.app/ExecutorAide";
			};
			name = Debug;
		};
		1F8DE5EF1D8AF31C00066819 /* Release */ = {
			isa = XCBuildConfiguration;
			buildSettings = {
				ALWAYS_EMBED_SWIFT_STANDARD_LIBRARIES = YES;
				BUNDLE_LOADER = "$(TEST_HOST)";
				DEVELOPMENT_TEAM = A6ASF988U5;
				INFOPLIST_FILE = ExecutorAideTests/Info.plist;
				LD_RUNPATH_SEARCH_PATHS = "$(inherited) @executable_path/Frameworks @loader_path/Frameworks";
				PRODUCT_BUNDLE_IDENTIFIER = com.nortcham.ExecutorAideTests;
				PRODUCT_NAME = "$(TARGET_NAME)";
				SWIFT_VERSION = 3.0;
				TEST_HOST = "$(BUILT_PRODUCTS_DIR)/ExecutorAide.app/ExecutorAide";
			};
			name = Release;
		};
		1F8DE5F11D8AF31C00066819 /* Debug */ = {
			isa = XCBuildConfiguration;
			buildSettings = {
				ALWAYS_EMBED_SWIFT_STANDARD_LIBRARIES = YES;
				DEVELOPMENT_TEAM = A6ASF988U5;
				INFOPLIST_FILE = ExecutorAideUITests/Info.plist;
				LD_RUNPATH_SEARCH_PATHS = "$(inherited) @executable_path/Frameworks @loader_path/Frameworks";
				PRODUCT_BUNDLE_IDENTIFIER = com.nortcham.ExecutorAideUITests;
				PRODUCT_NAME = "$(TARGET_NAME)";
				SWIFT_VERSION = 3.0;
				TEST_TARGET_NAME = ExecutorAide;
			};
			name = Debug;
		};
		1F8DE5F21D8AF31C00066819 /* Release */ = {
			isa = XCBuildConfiguration;
			buildSettings = {
				ALWAYS_EMBED_SWIFT_STANDARD_LIBRARIES = YES;
				DEVELOPMENT_TEAM = A6ASF988U5;
				INFOPLIST_FILE = ExecutorAideUITests/Info.plist;
				LD_RUNPATH_SEARCH_PATHS = "$(inherited) @executable_path/Frameworks @loader_path/Frameworks";
				PRODUCT_BUNDLE_IDENTIFIER = com.nortcham.ExecutorAideUITests;
				PRODUCT_NAME = "$(TARGET_NAME)";
				SWIFT_VERSION = 3.0;
				TEST_TARGET_NAME = ExecutorAide;
			};
			name = Release;
		};
/* End XCBuildConfiguration section */

/* Begin XCConfigurationList section */
		1F8DE5BA1D8AF31C00066819 /* Build configuration list for PBXProject "ExecutorAide" */ = {
			isa = XCConfigurationList;
			buildConfigurations = (
				1F8DE5E81D8AF31C00066819 /* Debug */,
				1F8DE5E91D8AF31C00066819 /* Release */,
			);
			defaultConfigurationIsVisible = 0;
			defaultConfigurationName = Release;
		};
		1F8DE5EA1D8AF31C00066819 /* Build configuration list for PBXNativeTarget "ExecutorAide" */ = {
			isa = XCConfigurationList;
			buildConfigurations = (
				1F8DE5EB1D8AF31C00066819 /* Debug */,
				1F8DE5EC1D8AF31C00066819 /* Release */,
			);
			defaultConfigurationIsVisible = 0;
			defaultConfigurationName = Release;
		};
		1F8DE5ED1D8AF31C00066819 /* Build configuration list for PBXNativeTarget "ExecutorAideTests" */ = {
			isa = XCConfigurationList;
			buildConfigurations = (
				1F8DE5EE1D8AF31C00066819 /* Debug */,
				1F8DE5EF1D8AF31C00066819 /* Release */,
			);
			defaultConfigurationIsVisible = 0;
			defaultConfigurationName = Release;
		};
		1F8DE5F01D8AF31C00066819 /* Build configuration list for PBXNativeTarget "ExecutorAideUITests" */ = {
			isa = XCConfigurationList;
			buildConfigurations = (
				1F8DE5F11D8AF31C00066819 /* Debug */,
				1F8DE5F21D8AF31C00066819 /* Release */,
			);
			defaultConfigurationIsVisible = 0;
			defaultConfigurationName = Release;
		};
/* End XCConfigurationList section */

/* Begin XCVersionGroup section */
		1F8DE5F71D8AF7EE00066819 /* Model.xcdatamodeld */ = {
			isa = XCVersionGroup;
			children = (
				1F8DE5F81D8AF7EE00066819 /* Model.xcdatamodel */,
			);
			currentVersion = 1F8DE5F81D8AF7EE00066819 /* Model.xcdatamodel */;
			path = Model.xcdatamodeld;
			sourceTree = "<group>";
			versionGroupType = wrapper.xcdatamodel;
		};
/* End XCVersionGroup section */
	};
	rootObject = 1F8DE5B71D8AF31C00066819 /* Project object */;
}
